
Microsoft Visual Studio Solution File, Format Version 12.00
# Visual Studio Version 16
VisualStudioVersion = 16.0.31424.327
MinimumVisualStudioVersion = 10.0.40219.1
Project("{FAE04EC0-301F-11D3-BF4B-00C04F79EFBC}") = "LoanCalculator", "LoanCalculator\LoanCalculator.csproj", "{B6CFEB25-AA04-43E7-ACCF-093543C5BFCE}"
EndProject
Global
	GlobalSection(SolutionConfigurationPlatforms) = preSolution
		Debug|Any CPU = Debug|Any CPU
		Release|Any CPU = Release|Any CPU
	EndGlobalSection
	GlobalSection(ProjectConfigurationPlatforms) = postSolution
		{B6CFEB25-AA04-43E7-ACCF-093543C5BFCE}.Debug|Any CPU.ActiveCfg = Debug|Any CPU
		{B6CFEB25-AA04-43E7-ACCF-093543C5BFCE}.Debug|Any CPU.Build.0 = Debug|Any CPU
		{B6CFEB25-AA04-43E7-ACCF-093543C5BFCE}.Release|Any CPU.ActiveCfg = Release|Any CPU
		{B6CFEB25-AA04-43E7-ACCF-093543C5BFCE}.Release|Any CPU.Build.0 = Release|Any CPU
	EndGlobalSection
	GlobalSection(SolutionProperties) = preSolution
		HideSolutionNode = FALSE
	EndGlobalSection
	GlobalSection(ExtensibilityGlobals) = postSolution
		SolutionGuid = {705CB41F-8AB6-4B98-A9A8-959484418097}
	EndGlobalSection
EndGlobal
